
Microsoft Visual Studio Solution File, Format Version 12.00
# Visual Studio 15
VisualStudioVersion = 15.0.28010.2050
MinimumVisualStudioVersion = 10.0.40219.1
Project("{FAE04EC0-301F-11D3-BF4B-00C04F79EFBC}") = "YuGiOh TTS Deck Builder", "YuGiOh TTS Deck Builder\YuGiOh TTS Deck Builder.csproj", "{A187B005-DF5A-45D8-8587-434BD672B320}"
EndProject
Global
	GlobalSection(SolutionConfigurationPlatforms) = preSolution
		Debug|ARM = Debug|ARM
		Debug|x64 = Debug|x64
		Debug|x86 = Debug|x86
		Release|ARM = Release|ARM
		Release|x64 = Release|x64
		Release|x86 = Release|x86
	EndGlobalSection
	GlobalSection(ProjectConfigurationPlatforms) = postSolution
		{A187B005-DF5A-45D8-8587-434BD672B320}.Debug|ARM.ActiveCfg = Debug|ARM
		{A187B005-DF5A-45D8-8587-434BD672B320}.Debug|ARM.Build.0 = Debug|ARM
		{A187B005-DF5A-45D8-8587-434BD672B320}.Debug|ARM.Deploy.0 = Debug|ARM
		{A187B005-DF5A-45D8-8587-434BD672B320}.Debug|x64.ActiveCfg = Debug|x64
		{A187B005-DF5A-45D8-8587-434BD672B320}.Debug|x64.Build.0 = Debug|x64
		{A187B005-DF5A-45D8-8587-434BD672B320}.Debug|x64.Deploy.0 = Debug|x64
		{A187B005-DF5A-45D8-8587-434BD672B320}.Debug|x86.ActiveCfg = Debug|x86
		{A187B005-DF5A-45D8-8587-434BD672B320}.Debug|x86.Build.0 = Debug|x86
		{A187B005-DF5A-45D8-8587-434BD672B320}.Debug|x86.Deploy.0 = Debug|x86
		{A187B005-DF5A-45D8-8587-434BD672B320}.Release|ARM.ActiveCfg = Release|ARM
		{A187B005-DF5A-45D8-8587-434BD672B320}.Release|ARM.Build.0 = Release|ARM
		{A187B005-DF5A-45D8-8587-434BD672B320}.Release|ARM.Deploy.0 = Release|ARM
		{A187B005-DF5A-45D8-8587-434BD672B320}.Release|x64.ActiveCfg = Release|x64
		{A187B005-DF5A-45D8-8587-434BD672B320}.Release|x64.Build.0 = Release|x64
		{A187B005-DF5A-45D8-8587-434BD672B320}.Release|x64.Deploy.0 = Release|x64
		{A187B005-DF5A-45D8-8587-434BD672B320}.Release|x86.ActiveCfg = Release|x86
		{A187B005-DF5A-45D8-8587-434BD672B320}.Release|x86.Build.0 = Release|x86
		{A187B005-DF5A-45D8-8587-434BD672B320}.Release|x86.Deploy.0 = Release|x86
	EndGlobalSection
	GlobalSection(SolutionProperties) = preSolution
		HideSolutionNode = FALSE
	EndGlobalSection
	GlobalSection(ExtensibilityGlobals) = postSolution
		SolutionGuid = {92689DE1-0C75-466E-B155-AA8695DFCAD4}
	EndGlobalSection
EndGlobal
